
Microsoft Visual Studio Solution File, Format Version 12.00
# Visual Studio 15
VisualStudioVersion = 15.0.27130.2010
MinimumVisualStudioVersion = 10.0.40219.1
Project("{9A19103F-16F7-4668-BE54-9A1E7A4F7556}") = "DVR", "DVR.csproj", "{91559F32-46CA-4CAA-A01D-098EAFEF9DFD}"
EndProject
Global
	GlobalSection(SolutionConfigurationPlatforms) = preSolution
		Debug|Any CPU = Debug|Any CPU
		Release|Any CPU = Release|Any CPU
	EndGlobalSection
	GlobalSection(ProjectConfigurationPlatforms) = postSolution
		{91559F32-46CA-4CAA-A01D-098EAFEF9DFD}.Debug|Any CPU.ActiveCfg = Debug|Any CPU
		{91559F32-46CA-4CAA-A01D-098EAFEF9DFD}.Debug|Any CPU.Build.0 = Debug|Any CPU
		{91559F32-46CA-4CAA-A01D-098EAFEF9DFD}.Release|Any CPU.ActiveCfg = Release|Any CPU
		{91559F32-46CA-4CAA-A01D-098EAFEF9DFD}.Release|Any CPU.Build.0 = Release|Any CPU
	EndGlobalSection
	GlobalSection(SolutionProperties) = preSolution
		HideSolutionNode = FALSE
	EndGlobalSection
	GlobalSection(ExtensibilityGlobals) = postSolution
		SolutionGuid = {8C38EBCF-11CF-470C-81FE-31DB78A9F356}
	EndGlobalSection
EndGlobal
